DEPENDENCIES
  apt (~> 6.1.0)
  build-essential (~> 8.0.1)
  git (~> 6.0.0)
  moodle
    path: cookbooks/moodle
  openssl (~> 7.0.1)
  php (~> 4.0.0)
  postgresql (~> 6.1.1)
  runit (~> 3.0.5)

GRAPH
  apt (6.1.4)
  build-essential (8.0.3)
    mingw (>= 1.1)
    seven_zip (>= 0.0.0)
  compat_resource (12.19.0)
  dmg (4.0.0)
  git (6.0.0)
    build-essential (>= 0.0.0)
    dmg (>= 0.0.0)
    yum-epel (>= 0.0.0)
  mingw (2.0.1)
    seven_zip (>= 0.0.0)
  moodle (0.1.0)
  mysql (8.5.1)
  ohai (5.2.0)
  openssl (7.0.1)
  packagecloud (0.3.0)
  php (4.0.0)
    build-essential (>= 0.0.0)
    mysql (>= 6.0.0)
    xml (>= 0.0.0)
    yum-epel (>= 0.0.0)
  postgresql (6.1.1)
    build-essential (>= 2.0.0)
    compat_resource (>= 12.16.3)
    openssl (>= 4.0)
  runit (3.0.5)
    packagecloud (>= 0.0.0)
    yum-epel (>= 0.0.0)
  seven_zip (2.0.2)
    windows (>= 1.2.2)
  windows (3.1.3)
    ohai (>= 4.0.0)
  xml (3.1.2)
    build-essential (>= 0.0.0)
  yum-epel (2.1.2)
    compat_resource (>= 12.16.3)
