DEPENDENCIES
  apt (~> 4.0.1)
  build-essential (~> 6.0.3)
  chef-mailcatcher (~> 0.1.12)
  git (~> 4.6.0)
  memcached (~> 3.0.1)
  moodle
    path: cookbooks/moodle
  mysql (~> 7.1.0)
  openssl (~> 4.4.0)
  php (~> 1.9.0)
  postgresql (~> 4.0.6)
  redisio (~> 2.4.2)

GRAPH
  apt (4.0.1)
    compat_resource (>= 12.10)
  build-essential (6.0.3)
    compat_resource (>= 12.10)
    mingw (>= 1.1)
    seven_zip (>= 0.0.0)
  chef-mailcatcher (0.1.12)
  chef-sugar (3.4.0)
  chef_handler (1.4.0)
  compat_resource (12.10.7)
  dmg (2.4.0)
  git (4.6.0)
    build-essential (>= 0.0.0)
    dmg (>= 0.0.0)
    windows (>= 0.0.0)
    yum-epel (>= 0.0.0)
  iis (4.1.10)
    windows (>= 1.34.6)
  memcached (3.0.1)
    compat_resource (>= 12.10)
    runit (>= 1.2.0)
    yum-epel (>= 0.0.0)
  mingw (1.2.4)
    compat_resource (>= 0.0.0)
    seven_zip (>= 0.0.0)
  moodle (0.1.0)
  mysql (7.1.2)
    smf (>= 0.0.0)
    yum-mysql-community (>= 0.0.0)
  openssl (4.4.0)
    chef-sugar (>= 3.1.1)
  packagecloud (0.2.4)
  php (1.9.0)
    build-essential (>= 0.0.0)
    iis (>= 0.0.0)
    mysql (>= 6.0.0)
    windows (>= 1.39.1)
    xml (>= 0.0.0)
    yum-epel (>= 0.0.0)
  postgresql (4.0.6)
    apt (>= 1.9.0)
    build-essential (>= 0.0.0)
    openssl (~> 4.0)
  rbac (1.0.3)
  redisio (2.4.2)
    build-essential (>= 0.0.0)
    ulimit (>= 0.1.2)
  runit (1.8.0)
    packagecloud (>= 0.0.0)
    yum-epel (>= 0.0.0)
  seven_zip (2.0.1)
    windows (>= 1.2.2)
  smf (2.2.8)
    rbac (>= 1.0.1)
  ulimit (0.4.0)
  windows (1.44.1)
    chef_handler (>= 0.0.0)
  xml (2.0.0)
    build-essential (>= 0.0.0)
    chef-sugar (>= 0.0.0)
  yum (3.11.0)
  yum-epel (0.7.0)
    yum (>= 3.6.3)
  yum-mysql-community (0.3.0)
    yum (>= 3.2)
